
Microsoft Visual Studio Solution File, Format Version 12.00
# Visual Studio Version 17
VisualStudioVersion = 17.13.35818.85 d17.13
MinimumVisualStudioVersion = 10.0.40219.1
Project("{FAE04EC0-301F-11D3-BF4B-00C04F79EFBC}") = "Movies.Api", "Movies\Movies.Api.csproj", "{68D8807B-D473-4417-8911-2AFAB8EA7154}"
EndProject
Project("{FAE04EC0-301F-11D3-BF4B-00C04F79EFBC}") = "Movies.Application", "Moview.Application\Movies.Application.csproj", "{BA4ADB4A-42E3-4710-A516-96ADA2AFAFB3}"
EndProject
Project("{FAE04EC0-301F-11D3-BF4B-00C04F79EFBC}") = "Movies.Contracts", "Moview.Contract\Movies.Contracts.csproj", "{ED96B4B8-5057-4351-96E6-6DCE8C8C7F1F}"
EndProject
Global
	GlobalSection(SolutionConfigurationPlatforms) = preSolution
		Debug|Any CPU = Debug|Any CPU
		Release|Any CPU = Release|Any CPU
	EndGlobalSection
	GlobalSection(ProjectConfigurationPlatforms) = postSolution
		{68D8807B-D473-4417-8911-2AFAB8EA7154}.Debug|Any CPU.ActiveCfg = Debug|Any CPU
		{68D8807B-D473-4417-8911-2AFAB8EA7154}.Debug|Any CPU.Build.0 = Debug|Any CPU
		{68D8807B-D473-4417-8911-2AFAB8EA7154}.Release|Any CPU.ActiveCfg = Release|Any CPU
		{68D8807B-D473-4417-8911-2AFAB8EA7154}.Release|Any CPU.Build.0 = Release|Any CPU
		{BA4ADB4A-42E3-4710-A516-96ADA2AFAFB3}.Debug|Any CPU.ActiveCfg = Debug|Any CPU
		{BA4ADB4A-42E3-4710-A516-96ADA2AFAFB3}.Debug|Any CPU.Build.0 = Debug|Any CPU
		{BA4ADB4A-42E3-4710-A516-96ADA2AFAFB3}.Release|Any CPU.ActiveCfg = Release|Any CPU
		{BA4ADB4A-42E3-4710-A516-96ADA2AFAFB3}.Release|Any CPU.Build.0 = Release|Any CPU
		{ED96B4B8-5057-4351-96E6-6DCE8C8C7F1F}.Debug|Any CPU.ActiveCfg = Debug|Any CPU
		{ED96B4B8-5057-4351-96E6-6DCE8C8C7F1F}.Debug|Any CPU.Build.0 = Debug|Any CPU
		{ED96B4B8-5057-4351-96E6-6DCE8C8C7F1F}.Release|Any CPU.ActiveCfg = Release|Any CPU
		{ED96B4B8-5057-4351-96E6-6DCE8C8C7F1F}.Release|Any CPU.Build.0 = Release|Any CPU
	EndGlobalSection
	GlobalSection(SolutionProperties) = preSolution
		HideSolutionNode = FALSE
	EndGlobalSection
	GlobalSection(ExtensibilityGlobals) = postSolution
		SolutionGuid = {45D51404-0931-4502-8843-A3D069A9FDAC}
	EndGlobalSection
EndGlobal
